
Microsoft Visual Studio Solution File, Format Version 12.00
# Visual Studio Version 17
VisualStudioVersion = 17.11.35312.102
MinimumVisualStudioVersion = 10.0.40219.1
Project("{9A19103F-16F7-4668-BE54-9A1E7A4F7556}") = "lesson_7", "lesson_7.csproj", "{4A1B84E4-CBC6-4755-93C5-58DFAB21EFDB}"
EndProject
Global
	GlobalSection(SolutionConfigurationPlatforms) = preSolution
		Debug|Any CPU = Debug|Any CPU
		Release|Any CPU = Release|Any CPU
	EndGlobalSection
	GlobalSection(ProjectConfigurationPlatforms) = postSolution
		{4A1B84E4-CBC6-4755-93C5-58DFAB21EFDB}.Debug|Any CPU.ActiveCfg = Debug|Any CPU
		{4A1B84E4-CBC6-4755-93C5-58DFAB21EFDB}.Debug|Any CPU.Build.0 = Debug|Any CPU
		{4A1B84E4-CBC6-4755-93C5-58DFAB21EFDB}.Release|Any CPU.ActiveCfg = Release|Any CPU
		{4A1B84E4-CBC6-4755-93C5-58DFAB21EFDB}.Release|Any CPU.Build.0 = Release|Any CPU
	EndGlobalSection
	GlobalSection(SolutionProperties) = preSolution
		HideSolutionNode = FALSE
	EndGlobalSection
	GlobalSection(ExtensibilityGlobals) = postSolution
		SolutionGuid = {731D92A8-DA16-48B4-9B8A-E5102A4DDDD5}
	EndGlobalSection
EndGlobal
